
Microsoft Visual Studio Solution File, Format Version 12.00
# Visual Studio 15
VisualStudioVersion = 15.0.27130.2010
MinimumVisualStudioVersion = 10.0.40219.1
Project("{E53339B2-1760-4266-BCC7-CA923CBCF16C}") = "docker-compose", "docker-compose.dcproj", "{5742780D-C305-41B8-A741-6692B42B5C44}"
EndProject
Project("{9A19103F-16F7-4668-BE54-9A1E7A4F7556}") = "EamaShop.Infrastructure.Tests", "test\EamaShop.Infrastructure.Tests\EamaShop.Infrastructure.Tests.csproj", "{20E846E2-3180-4EE5-A756-EBBEE478C161}"
EndProject
Project("{9A19103F-16F7-4668-BE54-9A1E7A4F7556}") = "EamaShop.Basket.API", "src\EamaShop.Basket.API\EamaShop.Basket.API.csproj", "{076C44BA-B6F9-4B60-B2C7-ECE9ADBB6805}"
EndProject
Project("{9A19103F-16F7-4668-BE54-9A1E7A4F7556}") = "EamaShop.Delievery.API", "src\EamaShop.Delievery.API\EamaShop.Delievery.API.csproj", "{E100D6CC-4622-4278-BF87-7331AF4854EA}"
EndProject
Project("{9A19103F-16F7-4668-BE54-9A1E7A4F7556}") = "EamaShop.Identity.API", "src\EamaShop.Identity.API\EamaShop.Identity.API.csproj", "{1930E758-133F-4A51-AB6F-A0809D4D70F0}"
EndProject
Project("{9A19103F-16F7-4668-BE54-9A1E7A4F7556}") = "EamaShop.Ordering.Respository", "src\EamaShop.Ordering.Respository\EamaShop.Ordering.Respository.csproj", "{5193B47F-6E21-475E-94E1-53212A7F6163}"
EndProject
Project("{2150E333-8FDC-42A3-9474-1A3956D46DE8}") = "src", "src", "{79911523-B52C-4094-94AA-D6F270D007F1}"
EndProject
Project("{2150E333-8FDC-42A3-9474-1A3956D46DE8}") = "tests", "tests", "{BCCED1FD-8439-4BE4-8A01-2086F133A699}"
EndProject
Project("{9A19103F-16F7-4668-BE54-9A1E7A4F7556}") = "EamaShop.Infrastructures", "src\EamaShop.Infrastructures\EamaShop.Infrastructures.csproj", "{03FC3D28-11EA-48E4-B5F3-39D6CCFB272D}"
EndProject
Project("{9A19103F-16F7-4668-BE54-9A1E7A4F7556}") = "EamaShop.Merchant.API", "src\EamaShop.Merchant.API\EamaShop.Merchant.API.csproj", "{3F803404-10D3-48BE-9BB8-FD2D81E262AC}"
EndProject
Project("{9A19103F-16F7-4668-BE54-9A1E7A4F7556}") = "EamaShop.Identity.Services", "src\EamaShop.Identity.Services\EamaShop.Identity.Services.csproj", "{3AC4BC25-0C27-4F95-ADEE-0885FA993941}"
EndProject
Project("{2150E333-8FDC-42A3-9474-1A3956D46DE8}") = "Catalog", "Catalog", "{4D00BABE-DE2B-4790-AD56-32C62931FED9}"
EndProject
Project("{2150E333-8FDC-42A3-9474-1A3956D46DE8}") = "Basket", "Basket", "{623809E4-ED19-472B-8262-CD957843F114}"
EndProject
Project("{2150E333-8FDC-42A3-9474-1A3956D46DE8}") = "Identity", "Identity", "{7DAF713F-0A81-4497-A907-A20945C5597C}"
EndProject
Project("{2150E333-8FDC-42A3-9474-1A3956D46DE8}") = "Ordering", "Ordering", "{A5FDB8DC-834C-4741-AA05-782BACFC2D86}"
EndProject
Project("{9A19103F-16F7-4668-BE54-9A1E7A4F7556}") = "EamaShop.Ordering.API", "src\EamaShop.Ordering.API\EamaShop.Ordering.API.csproj", "{37D72EA0-600B-4A5C-A1D2-483E7EBE2425}"
EndProject
Project("{2150E333-8FDC-42A3-9474-1A3956D46DE8}") = "Delivery", "Delivery", "{F3A67419-F86A-412A-9C4F-B6556D06579B}"
EndProject
Project("{2150E333-8FDC-42A3-9474-1A3956D46DE8}") = "Merchant", "Merchant", "{7B1694F1-2815-4B29-8597-B90289E246BB}"
EndProject
Project("{9A19103F-16F7-4668-BE54-9A1E7A4F7556}") = "EamaShop.Ordering.Service", "src\EamaShop.Ordering.Service\EamaShop.Ordering.Service.csproj", "{8EC2F318-6A02-4CE4-A21C-8FDA17500D77}"
EndProject
Project("{9A19103F-16F7-4668-BE54-9A1E7A4F7556}") = "EamaShop.Catalog.API", "src\EamaShop.Catalog.API\EamaShop.Catalog.API.csproj", "{864891E5-EE34-4B91-B3E7-8B050DF64A79}"
EndProject
Project("{2150E333-8FDC-42A3-9474-1A3956D46DE8}") = "Infrastructures", "Infrastructures", "{46C6A053-0AAE-41E9-8CB5-1F3A8B3C7279}"
EndProject
Project("{9A19103F-16F7-4668-BE54-9A1E7A4F7556}") = "EamaShop.Infrastructures.Enums", "src\Infrastructures\EamaShop.Infrastructures.Enums\EamaShop.Infrastructures.Enums.csproj", "{198D5C08-5AC3-4A8A-B67B-E78BCC88514D}"
EndProject
Global
	GlobalSection(SolutionConfigurationPlatforms) = preSolution
		Debug|Any CPU = Debug|Any CPU
		Release|Any CPU = Release|Any CPU
	EndGlobalSection
	GlobalSection(ProjectConfigurationPlatforms) = postSolution
		{5742780D-C305-41B8-A741-6692B42B5C44}.Debug|Any CPU.ActiveCfg = Debug|Any CPU
		{5742780D-C305-41B8-A741-6692B42B5C44}.Debug|Any CPU.Build.0 = Debug|Any CPU
		{5742780D-C305-41B8-A741-6692B42B5C44}.Release|Any CPU.ActiveCfg = Release|Any CPU
		{5742780D-C305-41B8-A741-6692B42B5C44}.Release|Any CPU.Build.0 = Release|Any CPU
		{20E846E2-3180-4EE5-A756-EBBEE478C161}.Debug|Any CPU.ActiveCfg = Debug|Any CPU
		{20E846E2-3180-4EE5-A756-EBBEE478C161}.Debug|Any CPU.Build.0 = Debug|Any CPU
		{20E846E2-3180-4EE5-A756-EBBEE478C161}.Release|Any CPU.ActiveCfg = Release|Any CPU
		{20E846E2-3180-4EE5-A756-EBBEE478C161}.Release|Any CPU.Build.0 = Release|Any CPU
		{076C44BA-B6F9-4B60-B2C7-ECE9ADBB6805}.Debug|Any CPU.ActiveCfg = Debug|Any CPU
		{076C44BA-B6F9-4B60-B2C7-ECE9ADBB6805}.Debug|Any CPU.Build.0 = Debug|Any CPU
		{076C44BA-B6F9-4B60-B2C7-ECE9ADBB6805}.Release|Any CPU.ActiveCfg = Release|Any CPU
		{076C44BA-B6F9-4B60-B2C7-ECE9ADBB6805}.Release|Any CPU.Build.0 = Release|Any CPU
		{E100D6CC-4622-4278-BF87-7331AF4854EA}.Debug|Any CPU.ActiveCfg = Debug|Any CPU
		{E100D6CC-4622-4278-BF87-7331AF4854EA}.Debug|Any CPU.Build.0 = Debug|Any CPU
		{E100D6CC-4622-4278-BF87-7331AF4854EA}.Release|Any CPU.ActiveCfg = Release|Any CPU
		{E100D6CC-4622-4278-BF87-7331AF4854EA}.Release|Any CPU.Build.0 = Release|Any CPU
		{1930E758-133F-4A51-AB6F-A0809D4D70F0}.Debug|Any CPU.ActiveCfg = Debug|Any CPU
		{1930E758-133F-4A51-AB6F-A0809D4D70F0}.Debug|Any CPU.Build.0 = Debug|Any CPU
		{1930E758-133F-4A51-AB6F-A0809D4D70F0}.Release|Any CPU.ActiveCfg = Release|Any CPU
		{1930E758-133F-4A51-AB6F-A0809D4D70F0}.Release|Any CPU.Build.0 = Release|Any CPU
		{5193B47F-6E21-475E-94E1-53212A7F6163}.Debug|Any CPU.ActiveCfg = Debug|Any CPU
		{5193B47F-6E21-475E-94E1-53212A7F6163}.Debug|Any CPU.Build.0 = Debug|Any CPU
		{5193B47F-6E21-475E-94E1-53212A7F6163}.Release|Any CPU.ActiveCfg = Release|Any CPU
		{5193B47F-6E21-475E-94E1-53212A7F6163}.Release|Any CPU.Build.0 = Release|Any CPU
		{03FC3D28-11EA-48E4-B5F3-39D6CCFB272D}.Debug|Any CPU.ActiveCfg = Debug|Any CPU
		{03FC3D28-11EA-48E4-B5F3-39D6CCFB272D}.Debug|Any CPU.Build.0 = Debug|Any CPU
		{03FC3D28-11EA-48E4-B5F3-39D6CCFB272D}.Release|Any CPU.ActiveCfg = Release|Any CPU
		{03FC3D28-11EA-48E4-B5F3-39D6CCFB272D}.Release|Any CPU.Build.0 = Release|Any CPU
		{3F803404-10D3-48BE-9BB8-FD2D81E262AC}.Debug|Any CPU.ActiveCfg = Debug|Any CPU
		{3F803404-10D3-48BE-9BB8-FD2D81E262AC}.Debug|Any CPU.Build.0 = Debug|Any CPU
		{3F803404-10D3-48BE-9BB8-FD2D81E262AC}.Release|Any CPU.ActiveCfg = Release|Any CPU
		{3F803404-10D3-48BE-9BB8-FD2D81E262AC}.Release|Any CPU.Build.0 = Release|Any CPU
		{3AC4BC25-0C27-4F95-ADEE-0885FA993941}.Debug|Any CPU.ActiveCfg = Debug|Any CPU
		{3AC4BC25-0C27-4F95-ADEE-0885FA993941}.Debug|Any CPU.Build.0 = Debug|Any CPU
		{3AC4BC25-0C27-4F95-ADEE-0885FA993941}.Release|Any CPU.ActiveCfg = Release|Any CPU
		{3AC4BC25-0C27-4F95-ADEE-0885FA993941}.Release|Any CPU.Build.0 = Release|Any CPU
		{37D72EA0-600B-4A5C-A1D2-483E7EBE2425}.Debug|Any CPU.ActiveCfg = Debug|Any CPU
		{37D72EA0-600B-4A5C-A1D2-483E7EBE2425}.Debug|Any CPU.Build.0 = Debug|Any CPU
		{37D72EA0-600B-4A5C-A1D2-483E7EBE2425}.Release|Any CPU.ActiveCfg = Release|Any CPU
		{37D72EA0-600B-4A5C-A1D2-483E7EBE2425}.Release|Any CPU.Build.0 = Release|Any CPU
		{8EC2F318-6A02-4CE4-A21C-8FDA17500D77}.Debug|Any CPU.ActiveCfg = Debug|Any CPU
		{8EC2F318-6A02-4CE4-A21C-8FDA17500D77}.Debug|Any CPU.Build.0 = Debug|Any CPU
		{8EC2F318-6A02-4CE4-A21C-8FDA17500D77}.Release|Any CPU.ActiveCfg = Release|Any CPU
		{8EC2F318-6A02-4CE4-A21C-8FDA17500D77}.Release|Any CPU.Build.0 = Release|Any CPU
		{864891E5-EE34-4B91-B3E7-8B050DF64A79}.Debug|Any CPU.ActiveCfg = Debug|Any CPU
		{864891E5-EE34-4B91-B3E7-8B050DF64A79}.Debug|Any CPU.Build.0 = Debug|Any CPU
		{864891E5-EE34-4B91-B3E7-8B050DF64A79}.Release|Any CPU.ActiveCfg = Release|Any CPU
		{864891E5-EE34-4B91-B3E7-8B050DF64A79}.Release|Any CPU.Build.0 = Release|Any CPU
		{198D5C08-5AC3-4A8A-B67B-E78BCC88514D}.Debug|Any CPU.ActiveCfg = Debug|Any CPU
		{198D5C08-5AC3-4A8A-B67B-E78BCC88514D}.Debug|Any CPU.Build.0 = Debug|Any CPU
		{198D5C08-5AC3-4A8A-B67B-E78BCC88514D}.Release|Any CPU.ActiveCfg = Release|Any CPU
		{198D5C08-5AC3-4A8A-B67B-E78BCC88514D}.Release|Any CPU.Build.0 = Release|Any CPU
	EndGlobalSection
	GlobalSection(SolutionProperties) = preSolution
		HideSolutionNode = FALSE
	EndGlobalSection
	GlobalSection(NestedProjects) = preSolution
		{20E846E2-3180-4EE5-A756-EBBEE478C161} = {BCCED1FD-8439-4BE4-8A01-2086F133A699}
		{076C44BA-B6F9-4B60-B2C7-ECE9ADBB6805} = {623809E4-ED19-472B-8262-CD957843F114}
		{E100D6CC-4622-4278-BF87-7331AF4854EA} = {F3A67419-F86A-412A-9C4F-B6556D06579B}
		{1930E758-133F-4A51-AB6F-A0809D4D70F0} = {7DAF713F-0A81-4497-A907-A20945C5597C}
		{5193B47F-6E21-475E-94E1-53212A7F6163} = {A5FDB8DC-834C-4741-AA05-782BACFC2D86}
		{03FC3D28-11EA-48E4-B5F3-39D6CCFB272D} = {79911523-B52C-4094-94AA-D6F270D007F1}
		{3F803404-10D3-48BE-9BB8-FD2D81E262AC} = {7B1694F1-2815-4B29-8597-B90289E246BB}
		{3AC4BC25-0C27-4F95-ADEE-0885FA993941} = {7DAF713F-0A81-4497-A907-A20945C5597C}
		{4D00BABE-DE2B-4790-AD56-32C62931FED9} = {79911523-B52C-4094-94AA-D6F270D007F1}
		{623809E4-ED19-472B-8262-CD957843F114} = {79911523-B52C-4094-94AA-D6F270D007F1}
		{7DAF713F-0A81-4497-A907-A20945C5597C} = {79911523-B52C-4094-94AA-D6F270D007F1}
		{A5FDB8DC-834C-4741-AA05-782BACFC2D86} = {79911523-B52C-4094-94AA-D6F270D007F1}
		{37D72EA0-600B-4A5C-A1D2-483E7EBE2425} = {A5FDB8DC-834C-4741-AA05-782BACFC2D86}
		{F3A67419-F86A-412A-9C4F-B6556D06579B} = {79911523-B52C-4094-94AA-D6F270D007F1}
		{7B1694F1-2815-4B29-8597-B90289E246BB} = {79911523-B52C-4094-94AA-D6F270D007F1}
		{8EC2F318-6A02-4CE4-A21C-8FDA17500D77} = {A5FDB8DC-834C-4741-AA05-782BACFC2D86}
		{864891E5-EE34-4B91-B3E7-8B050DF64A79} = {4D00BABE-DE2B-4790-AD56-32C62931FED9}
		{46C6A053-0AAE-41E9-8CB5-1F3A8B3C7279} = {79911523-B52C-4094-94AA-D6F270D007F1}
		{198D5C08-5AC3-4A8A-B67B-E78BCC88514D} = {46C6A053-0AAE-41E9-8CB5-1F3A8B3C7279}
	EndGlobalSection
	GlobalSection(ExtensibilityGlobals) = postSolution
		SolutionGuid = {F7C86DBF-8B77-4CF9-AC60-E9969982AF2C}
	EndGlobalSection
EndGlobal
