
Microsoft Visual Studio Solution File, Format Version 12.00
# Visual Studio 15
VisualStudioVersion = 15.0.27004.2010
MinimumVisualStudioVersion = 10.0.40219.1
Project("{9A19103F-16F7-4668-BE54-9A1E7A4F7556}") = "EamaShop.Infrastructures", "EamaShop.Infrastructures\EamaShop.Infrastructures.csproj", "{EF8CBFBC-73FB-4F70-8E62-2A39049246FA}"
EndProject
Project("{9A19103F-16F7-4668-BE54-9A1E7A4F7556}") = "EamaShop.Catalog.API", "EamaShop.Catelog.API\EamaShop.Catalog.API.csproj", "{ED13624D-E2CF-48AA-B609-F5B548B77ECB}"
EndProject
Project("{E53339B2-1760-4266-BCC7-CA923CBCF16C}") = "docker-compose", "docker-compose.dcproj", "{5742780D-C305-41B8-A741-6692B42B5C44}"
EndProject
Project("{2150E333-8FDC-42A3-9474-1A3956D46DE8}") = "Microservices", "Microservices", "{42346CC6-465C-43BF-9F91-9C1EBAFDFF69}"
EndProject
Project("{2150E333-8FDC-42A3-9474-1A3956D46DE8}") = "Catalog", "Catalog", "{0E6FF96A-6FBF-4275-8B6C-BD0DCEFA3D73}"
EndProject
Project("{2150E333-8FDC-42A3-9474-1A3956D46DE8}") = "Delivery", "Delivery", "{6388CEC3-CD7C-40C4-8D0F-669BB44F3387}"
EndProject
Project("{9A19103F-16F7-4668-BE54-9A1E7A4F7556}") = "EamaShop.Delievery.API", "EamaShop.Delievery.API\EamaShop.Delievery.API.csproj", "{B54B6708-8A2F-411D-BC40-387B943EF4C3}"
EndProject
Project("{2150E333-8FDC-42A3-9474-1A3956D46DE8}") = "Ordering", "Ordering", "{76CC1C9E-B3EA-43A8-A487-0C5579DB0A8E}"
EndProject
Project("{9A19103F-16F7-4668-BE54-9A1E7A4F7556}") = "EamaShop.Ordering.API", "EamaShop.Ordering.API\EamaShop.Ordering.API.csproj", "{16AAD63B-4D65-4EB5-B57C-82733D4821C1}"
EndProject
Project("{2150E333-8FDC-42A3-9474-1A3956D46DE8}") = "Identity", "Identity", "{97EB8455-1E37-4716-B95D-F7259CE8E580}"
EndProject
Project("{9A19103F-16F7-4668-BE54-9A1E7A4F7556}") = "EamaShop.Identity.API", "EamaShop.Identity.API\EamaShop.Identity.API.csproj", "{B6334B36-B0B8-4DB3-A292-387BA53E3C5D}"
EndProject
Project("{9A19103F-16F7-4668-BE54-9A1E7A4F7556}") = "EamaShop.Identity.Services", "EamaShop.Identity.Services\EamaShop.Identity.Services.csproj", "{FB9E8F3B-DB23-4778-B15E-CD8DB04EF1EE}"
EndProject
Project("{9A19103F-16F7-4668-BE54-9A1E7A4F7556}") = "EamaShop.Identity.DataModel", "EamaShop.Identity.DataModel\EamaShop.Identity.DataModel.csproj", "{CB6B5D17-75C7-47E0-90E8-5F9E5CA516C8}"
EndProject
Project("{2150E333-8FDC-42A3-9474-1A3956D46DE8}") = "Apps", "Apps", "{51032060-D453-46E5-BBF1-C9646977BDBE}"
EndProject
Project("{9A19103F-16F7-4668-BE54-9A1E7A4F7556}") = "EamaShop.WebApp", "EamaShop.WebApp\EamaShop.WebApp.csproj", "{EDC6AE73-AA3D-4B51-A0EC-9E4B5EE0A408}"
EndProject
Project("{2150E333-8FDC-42A3-9474-1A3956D46DE8}") = "Basket", "Basket", "{CE44216D-4C94-458C-A158-E7012E79BDFA}"
EndProject
Project("{9A19103F-16F7-4668-BE54-9A1E7A4F7556}") = "EamaShop.Basket.API", "EamaShop.Basket.API\EamaShop.Basket.API.csproj", "{BB59DD2E-674B-41A1-A137-258C6F3F264F}"
EndProject
Project("{2150E333-8FDC-42A3-9474-1A3956D46DE8}") = "Sdks", "Sdks", "{B80B63FF-ECA6-4736-B436-9139F186606A}"
EndProject
Project("{9A19103F-16F7-4668-BE54-9A1E7A4F7556}") = "EamaShop.Ordering.Domain", "..\EamaShop.Ordering.Domain\EamaShop.Ordering.Domain.csproj", "{00211413-D227-4EC5-B7F9-44042A600989}"
EndProject
Project("{9A19103F-16F7-4668-BE54-9A1E7A4F7556}") = "EamaShop.Ordering.Respository", "EamaShop.Ordering.Respository\EamaShop.Ordering.Respository.csproj", "{E24E9206-610C-430E-8CFA-0A676B75005D}"
EndProject
Project("{2150E333-8FDC-42A3-9474-1A3956D46DE8}") = "Tests", "Tests", "{FB22F14E-BFA1-46B6-A367-83E48F417C3F}"
EndProject
Project("{9A19103F-16F7-4668-BE54-9A1E7A4F7556}") = "EamaShop.Infrastructure.Tests", "..\EamaShop.Infrastructure.Tests\EamaShop.Infrastructure.Tests.csproj", "{9D49600E-05E9-48CB-81C8-3D407B376A43}"
EndProject
Project("{FAE04EC0-301F-11D3-BF4B-00C04F79EFBC}") = "EamaShop.Identity.Common", "..\EamaShop.Identity.Common\EamaShop.Identity.Common.csproj", "{44F287C2-5EC5-4A8A-A059-55105AB50964}"
EndProject
Project("{2150E333-8FDC-42A3-9474-1A3956D46DE8}") = "Merchant", "Merchant", "{35BC0D9E-109B-48E5-8DE4-F7D3A293EBDC}"
EndProject
Project("{FAE04EC0-301F-11D3-BF4B-00C04F79EFBC}") = "EamaShop.Merchant.API", "EamaShop.Merchant.API\EamaShop.Merchant.API.csproj", "{5F77214C-7049-4223-823E-6EB7517078D3}"
EndProject
Global
	GlobalSection(SolutionConfigurationPlatforms) = preSolution
		Debug|Any CPU = Debug|Any CPU
		Release|Any CPU = Release|Any CPU
	EndGlobalSection
	GlobalSection(ProjectConfigurationPlatforms) = postSolution
		{EF8CBFBC-73FB-4F70-8E62-2A39049246FA}.Debug|Any CPU.ActiveCfg = Debug|Any CPU
		{EF8CBFBC-73FB-4F70-8E62-2A39049246FA}.Debug|Any CPU.Build.0 = Debug|Any CPU
		{EF8CBFBC-73FB-4F70-8E62-2A39049246FA}.Release|Any CPU.ActiveCfg = Release|Any CPU
		{EF8CBFBC-73FB-4F70-8E62-2A39049246FA}.Release|Any CPU.Build.0 = Release|Any CPU
		{ED13624D-E2CF-48AA-B609-F5B548B77ECB}.Debug|Any CPU.ActiveCfg = Debug|Any CPU
		{ED13624D-E2CF-48AA-B609-F5B548B77ECB}.Debug|Any CPU.Build.0 = Debug|Any CPU
		{ED13624D-E2CF-48AA-B609-F5B548B77ECB}.Release|Any CPU.ActiveCfg = Release|Any CPU
		{ED13624D-E2CF-48AA-B609-F5B548B77ECB}.Release|Any CPU.Build.0 = Release|Any CPU
		{5742780D-C305-41B8-A741-6692B42B5C44}.Debug|Any CPU.ActiveCfg = Debug|Any CPU
		{5742780D-C305-41B8-A741-6692B42B5C44}.Debug|Any CPU.Build.0 = Debug|Any CPU
		{5742780D-C305-41B8-A741-6692B42B5C44}.Release|Any CPU.ActiveCfg = Release|Any CPU
		{5742780D-C305-41B8-A741-6692B42B5C44}.Release|Any CPU.Build.0 = Release|Any CPU
		{B54B6708-8A2F-411D-BC40-387B943EF4C3}.Debug|Any CPU.ActiveCfg = Debug|Any CPU
		{B54B6708-8A2F-411D-BC40-387B943EF4C3}.Debug|Any CPU.Build.0 = Debug|Any CPU
		{B54B6708-8A2F-411D-BC40-387B943EF4C3}.Release|Any CPU.ActiveCfg = Release|Any CPU
		{B54B6708-8A2F-411D-BC40-387B943EF4C3}.Release|Any CPU.Build.0 = Release|Any CPU
		{16AAD63B-4D65-4EB5-B57C-82733D4821C1}.Debug|Any CPU.ActiveCfg = Debug|Any CPU
		{16AAD63B-4D65-4EB5-B57C-82733D4821C1}.Debug|Any CPU.Build.0 = Debug|Any CPU
		{16AAD63B-4D65-4EB5-B57C-82733D4821C1}.Release|Any CPU.ActiveCfg = Release|Any CPU
		{16AAD63B-4D65-4EB5-B57C-82733D4821C1}.Release|Any CPU.Build.0 = Release|Any CPU
		{B6334B36-B0B8-4DB3-A292-387BA53E3C5D}.Debug|Any CPU.ActiveCfg = Debug|Any CPU
		{B6334B36-B0B8-4DB3-A292-387BA53E3C5D}.Debug|Any CPU.Build.0 = Debug|Any CPU
		{B6334B36-B0B8-4DB3-A292-387BA53E3C5D}.Release|Any CPU.ActiveCfg = Release|Any CPU
		{B6334B36-B0B8-4DB3-A292-387BA53E3C5D}.Release|Any CPU.Build.0 = Release|Any CPU
		{FB9E8F3B-DB23-4778-B15E-CD8DB04EF1EE}.Debug|Any CPU.ActiveCfg = Debug|Any CPU
		{FB9E8F3B-DB23-4778-B15E-CD8DB04EF1EE}.Debug|Any CPU.Build.0 = Debug|Any CPU
		{FB9E8F3B-DB23-4778-B15E-CD8DB04EF1EE}.Release|Any CPU.ActiveCfg = Release|Any CPU
		{FB9E8F3B-DB23-4778-B15E-CD8DB04EF1EE}.Release|Any CPU.Build.0 = Release|Any CPU
		{CB6B5D17-75C7-47E0-90E8-5F9E5CA516C8}.Debug|Any CPU.ActiveCfg = Debug|Any CPU
		{CB6B5D17-75C7-47E0-90E8-5F9E5CA516C8}.Debug|Any CPU.Build.0 = Debug|Any CPU
		{CB6B5D17-75C7-47E0-90E8-5F9E5CA516C8}.Release|Any CPU.ActiveCfg = Release|Any CPU
		{CB6B5D17-75C7-47E0-90E8-5F9E5CA516C8}.Release|Any CPU.Build.0 = Release|Any CPU
		{EDC6AE73-AA3D-4B51-A0EC-9E4B5EE0A408}.Debug|Any CPU.ActiveCfg = Debug|Any CPU
		{EDC6AE73-AA3D-4B51-A0EC-9E4B5EE0A408}.Debug|Any CPU.Build.0 = Debug|Any CPU
		{EDC6AE73-AA3D-4B51-A0EC-9E4B5EE0A408}.Release|Any CPU.ActiveCfg = Release|Any CPU
		{EDC6AE73-AA3D-4B51-A0EC-9E4B5EE0A408}.Release|Any CPU.Build.0 = Release|Any CPU
		{BB59DD2E-674B-41A1-A137-258C6F3F264F}.Debug|Any CPU.ActiveCfg = Debug|Any CPU
		{BB59DD2E-674B-41A1-A137-258C6F3F264F}.Debug|Any CPU.Build.0 = Debug|Any CPU
		{BB59DD2E-674B-41A1-A137-258C6F3F264F}.Release|Any CPU.ActiveCfg = Release|Any CPU
		{BB59DD2E-674B-41A1-A137-258C6F3F264F}.Release|Any CPU.Build.0 = Release|Any CPU
		{00211413-D227-4EC5-B7F9-44042A600989}.Debug|Any CPU.ActiveCfg = Debug|Any CPU
		{00211413-D227-4EC5-B7F9-44042A600989}.Debug|Any CPU.Build.0 = Debug|Any CPU
		{00211413-D227-4EC5-B7F9-44042A600989}.Release|Any CPU.ActiveCfg = Release|Any CPU
		{00211413-D227-4EC5-B7F9-44042A600989}.Release|Any CPU.Build.0 = Release|Any CPU
		{E24E9206-610C-430E-8CFA-0A676B75005D}.Debug|Any CPU.ActiveCfg = Debug|Any CPU
		{E24E9206-610C-430E-8CFA-0A676B75005D}.Debug|Any CPU.Build.0 = Debug|Any CPU
		{E24E9206-610C-430E-8CFA-0A676B75005D}.Release|Any CPU.ActiveCfg = Release|Any CPU
		{E24E9206-610C-430E-8CFA-0A676B75005D}.Release|Any CPU.Build.0 = Release|Any CPU
		{9D49600E-05E9-48CB-81C8-3D407B376A43}.Debug|Any CPU.ActiveCfg = Debug|Any CPU
		{9D49600E-05E9-48CB-81C8-3D407B376A43}.Debug|Any CPU.Build.0 = Debug|Any CPU
		{9D49600E-05E9-48CB-81C8-3D407B376A43}.Release|Any CPU.ActiveCfg = Release|Any CPU
		{9D49600E-05E9-48CB-81C8-3D407B376A43}.Release|Any CPU.Build.0 = Release|Any CPU
		{44F287C2-5EC5-4A8A-A059-55105AB50964}.Debug|Any CPU.ActiveCfg = Debug|Any CPU
		{44F287C2-5EC5-4A8A-A059-55105AB50964}.Debug|Any CPU.Build.0 = Debug|Any CPU
		{44F287C2-5EC5-4A8A-A059-55105AB50964}.Release|Any CPU.ActiveCfg = Release|Any CPU
		{44F287C2-5EC5-4A8A-A059-55105AB50964}.Release|Any CPU.Build.0 = Release|Any CPU
		{5F77214C-7049-4223-823E-6EB7517078D3}.Debug|Any CPU.ActiveCfg = Debug|Any CPU
		{5F77214C-7049-4223-823E-6EB7517078D3}.Debug|Any CPU.Build.0 = Debug|Any CPU
		{5F77214C-7049-4223-823E-6EB7517078D3}.Release|Any CPU.ActiveCfg = Release|Any CPU
		{5F77214C-7049-4223-823E-6EB7517078D3}.Release|Any CPU.Build.0 = Release|Any CPU
	EndGlobalSection
	GlobalSection(SolutionProperties) = preSolution
		HideSolutionNode = FALSE
	EndGlobalSection
	GlobalSection(NestedProjects) = preSolution
		{ED13624D-E2CF-48AA-B609-F5B548B77ECB} = {0E6FF96A-6FBF-4275-8B6C-BD0DCEFA3D73}
		{0E6FF96A-6FBF-4275-8B6C-BD0DCEFA3D73} = {42346CC6-465C-43BF-9F91-9C1EBAFDFF69}
		{6388CEC3-CD7C-40C4-8D0F-669BB44F3387} = {42346CC6-465C-43BF-9F91-9C1EBAFDFF69}
		{B54B6708-8A2F-411D-BC40-387B943EF4C3} = {6388CEC3-CD7C-40C4-8D0F-669BB44F3387}
		{76CC1C9E-B3EA-43A8-A487-0C5579DB0A8E} = {42346CC6-465C-43BF-9F91-9C1EBAFDFF69}
		{16AAD63B-4D65-4EB5-B57C-82733D4821C1} = {76CC1C9E-B3EA-43A8-A487-0C5579DB0A8E}
		{97EB8455-1E37-4716-B95D-F7259CE8E580} = {42346CC6-465C-43BF-9F91-9C1EBAFDFF69}
		{B6334B36-B0B8-4DB3-A292-387BA53E3C5D} = {97EB8455-1E37-4716-B95D-F7259CE8E580}
		{FB9E8F3B-DB23-4778-B15E-CD8DB04EF1EE} = {97EB8455-1E37-4716-B95D-F7259CE8E580}
		{CB6B5D17-75C7-47E0-90E8-5F9E5CA516C8} = {97EB8455-1E37-4716-B95D-F7259CE8E580}
		{EDC6AE73-AA3D-4B51-A0EC-9E4B5EE0A408} = {51032060-D453-46E5-BBF1-C9646977BDBE}
		{CE44216D-4C94-458C-A158-E7012E79BDFA} = {42346CC6-465C-43BF-9F91-9C1EBAFDFF69}
		{BB59DD2E-674B-41A1-A137-258C6F3F264F} = {CE44216D-4C94-458C-A158-E7012E79BDFA}
		{00211413-D227-4EC5-B7F9-44042A600989} = {76CC1C9E-B3EA-43A8-A487-0C5579DB0A8E}
		{E24E9206-610C-430E-8CFA-0A676B75005D} = {76CC1C9E-B3EA-43A8-A487-0C5579DB0A8E}
		{9D49600E-05E9-48CB-81C8-3D407B376A43} = {FB22F14E-BFA1-46B6-A367-83E48F417C3F}
		{44F287C2-5EC5-4A8A-A059-55105AB50964} = {B80B63FF-ECA6-4736-B436-9139F186606A}
		{35BC0D9E-109B-48E5-8DE4-F7D3A293EBDC} = {42346CC6-465C-43BF-9F91-9C1EBAFDFF69}
		{5F77214C-7049-4223-823E-6EB7517078D3} = {35BC0D9E-109B-48E5-8DE4-F7D3A293EBDC}
	EndGlobalSection
	GlobalSection(ExtensibilityGlobals) = postSolution
		SolutionGuid = {F7C86DBF-8B77-4CF9-AC60-E9969982AF2C}
	EndGlobalSection
EndGlobal
